
Microsoft Visual Studio Solution File, Format Version 12.00
# Visual Studio Version 17
VisualStudioVersion = 17.1.32210.238
MinimumVisualStudioVersion = 10.0.40219.1
Project("{FAE04EC0-301F-11D3-BF4B-00C04F79EFBC}") = "Challenge", "Challenge\Challenge.csproj", "{A7C024EB-3719-4C57-9774-CEFFAAAE5CA3}"
EndProject
Global
	GlobalSection(SolutionConfigurationPlatforms) = preSolution
		Debug|Any CPU = Debug|Any CPU
		Release|Any CPU = Release|Any CPU
	EndGlobalSection
	GlobalSection(ProjectConfigurationPlatforms) = postSolution
		{A7C024EB-3719-4C57-9774-CEFFAAAE5CA3}.Debug|Any CPU.ActiveCfg = Debug|Any CPU
		{A7C024EB-3719-4C57-9774-CEFFAAAE5CA3}.Debug|Any CPU.Build.0 = Debug|Any CPU
		{A7C024EB-3719-4C57-9774-CEFFAAAE5CA3}.Release|Any CPU.ActiveCfg = Release|Any CPU
		{A7C024EB-3719-4C57-9774-CEFFAAAE5CA3}.Release|Any CPU.Build.0 = Release|Any CPU
	EndGlobalSection
	GlobalSection(SolutionProperties) = preSolution
		HideSolutionNode = FALSE
	EndGlobalSection
	GlobalSection(ExtensibilityGlobals) = postSolution
		SolutionGuid = {69B5214A-F60D-4636-9B63-CD1932A86F38}
	EndGlobalSection
EndGlobal
